<?xml version="1.0" encoding="UTF-8"?>
<CodeBlocks_project_file>
	<FileVersion major="1" minor="6"/>
	<Project>
		<Option title="BombermanC++"/>
		<Option makefile_is_custom="1"/>
		<Option compiler="gcc"/>
		<Option virtualFolders="CMake Files\;CMake Files\cmake\;CMake Files\cmake\sdl2\;CMake Files\tests\;CMake Files\tests\libs\;CMake Files\tests\libs\googletest\;CMake Files\tests\libs\googletest\googlemock\;CMake Files\tests\libs\googletest\googlemock\cmake\;CMake Files\tests\libs\googletest\googletest\;CMake Files\tests\libs\googletest\googletest\cmake\;"/>
		<Build>
			<Target title="all">
				<Option working_dir="/home/giow/Downloads/Development/20191-team-2"/>
				<Option type="4"/>
				<MakeCommands>
					<Build command="/usr/bin/make -f &quot;/home/giow/Downloads/Development/20191-team-2/Makefile&quot;  VERBOSE=1 all"/>
					<CompileFile command="/usr/bin/make -f &quot;/home/giow/Downloads/Development/20191-team-2/Makefile&quot;  VERBOSE=1 &quot;$file&quot;"/>
					<Clean command="/usr/bin/make -f &quot;/home/giow/Downloads/Development/20191-team-2/Makefile&quot;  VERBOSE=1 clean"/>
					<DistClean command="/usr/bin/make -f &quot;/home/giow/Downloads/Development/20191-team-2/Makefile&quot;  VERBOSE=1 clean"/>
				</MakeCommands>
			</Target>
			<Target title="install/strip">
				<Option working_dir="/home/giow/Downloads/Development/20191-team-2"/>
				<Option type="4"/>
				<MakeCommands>
					<Build command="/usr/bin/make -f &quot;/home/giow/Downloads/Development/20191-team-2/Makefile&quot;  VERBOSE=1 install/strip"/>
					<CompileFile command="/usr/bin/make -f &quot;/home/giow/Downloads/Development/20191-team-2/Makefile&quot;  VERBOSE=1 &quot;$file&quot;"/>
					<Clean command="/usr/bin/make -f &quot;/home/giow/Downloads/Development/20191-team-2/Makefile&quot;  VERBOSE=1 clean"/>
					<DistClean command="/usr/bin/make -f &quot;/home/giow/Downloads/Development/20191-team-2/Makefile&quot;  VERBOSE=1 clean"/>
				</MakeCommands>
			</Target>
			<Target title="edit_cache">
				<Option working_dir="/home/giow/Downloads/Development/20191-team-2"/>
				<Option type="4"/>
				<MakeCommands>
					<Build command="/usr/bin/make -f &quot;/home/giow/Downloads/Development/20191-team-2/Makefile&quot;  VERBOSE=1 edit_cache"/>
					<CompileFile command="/usr/bin/make -f &quot;/home/giow/Downloads/Development/20191-team-2/Makefile&quot;  VERBOSE=1 &quot;$file&quot;"/>
					<Clean command="/usr/bin/make -f &quot;/home/giow/Downloads/Development/20191-team-2/Makefile&quot;  VERBOSE=1 clean"/>
					<DistClean command="/usr/bin/make -f &quot;/home/giow/Downloads/Development/20191-team-2/Makefile&quot;  VERBOSE=1 clean"/>
				</MakeCommands>
			</Target>
			<Target title="BombermanC++">
				<Option output="/home/giow/Downloads/Development/20191-team-2/BombermanC++" prefix_auto="0" extension_auto="0"/>
				<Option working_dir="/home/giow/Downloads/Development/20191-team-2"/>
				<Option object_output="./"/>
				<Option type="1"/>
				<Option compiler="gcc"/>
				<Compiler>
					<Add directory="/home/giow/Downloads/Development/20191-team-2/tests/libs/googletest/googlemock/include"/>
					<Add directory="/home/giow/Downloads/Development/20191-team-2/tests/libs/googletest/googletest/include"/>
					<Add directory="/home/giow/Downloads/Development/20191-team-2/tests/libs/googletest/googletest"/>
					<Add directory="/usr/include/SDL2"/>
				</Compiler>
				<MakeCommands>
					<Build command="/usr/bin/make -f &quot;/home/giow/Downloads/Development/20191-team-2/Makefile&quot;  VERBOSE=1 BombermanC++"/>
					<CompileFile command="/usr/bin/make -f &quot;/home/giow/Downloads/Development/20191-team-2/Makefile&quot;  VERBOSE=1 &quot;$file&quot;"/>
					<Clean command="/usr/bin/make -f &quot;/home/giow/Downloads/Development/20191-team-2/Makefile&quot;  VERBOSE=1 clean"/>
					<DistClean command="/usr/bin/make -f &quot;/home/giow/Downloads/Development/20191-team-2/Makefile&quot;  VERBOSE=1 clean"/>
				</MakeCommands>
			</Target>
			<Target title="BombermanC++/fast">
				<Option output="/home/giow/Downloads/Development/20191-team-2/BombermanC++" prefix_auto="0" extension_auto="0"/>
				<Option working_dir="/home/giow/Downloads/Development/20191-team-2"/>
				<Option object_output="./"/>
				<Option type="1"/>
				<Option compiler="gcc"/>
				<Compiler>
					<Add directory="/home/giow/Downloads/Development/20191-team-2/tests/libs/googletest/googlemock/include"/>
					<Add directory="/home/giow/Downloads/Development/20191-team-2/tests/libs/googletest/googletest/include"/>
					<Add directory="/home/giow/Downloads/Development/20191-team-2/tests/libs/googletest/googletest"/>
					<Add directory="/usr/include/SDL2"/>
				</Compiler>
				<MakeCommands>
					<Build command="/usr/bin/make -f &quot;/home/giow/Downloads/Development/20191-team-2/Makefile&quot;  VERBOSE=1 BombermanC++/fast"/>
					<CompileFile command="/usr/bin/make -f &quot;/home/giow/Downloads/Development/20191-team-2/Makefile&quot;  VERBOSE=1 &quot;$file&quot;"/>
					<Clean command="/usr/bin/make -f &quot;/home/giow/Downloads/Development/20191-team-2/Makefile&quot;  VERBOSE=1 clean"/>
					<DistClean command="/usr/bin/make -f &quot;/home/giow/Downloads/Development/20191-team-2/Makefile&quot;  VERBOSE=1 clean"/>
				</MakeCommands>
			</Target>
			<Target title="install">
				<Option working_dir="/home/giow/Downloads/Development/20191-team-2"/>
				<Option type="4"/>
				<MakeCommands>
					<Build command="/usr/bin/make -f &quot;/home/giow/Downloads/Development/20191-team-2/Makefile&quot;  VERBOSE=1 install"/>
					<CompileFile command="/usr/bin/make -f &quot;/home/giow/Downloads/Development/20191-team-2/Makefile&quot;  VERBOSE=1 &quot;$file&quot;"/>
					<Clean command="/usr/bin/make -f &quot;/home/giow/Downloads/Development/20191-team-2/Makefile&quot;  VERBOSE=1 clean"/>
					<DistClean command="/usr/bin/make -f &quot;/home/giow/Downloads/Development/20191-team-2/Makefile&quot;  VERBOSE=1 clean"/>
				</MakeCommands>
			</Target>
			<Target title="rebuild_cache">
				<Option working_dir="/home/giow/Downloads/Development/20191-team-2"/>
				<Option type="4"/>
				<MakeCommands>
					<Build command="/usr/bin/make -f &quot;/home/giow/Downloads/Development/20191-team-2/Makefile&quot;  VERBOSE=1 rebuild_cache"/>
					<CompileFile command="/usr/bin/make -f &quot;/home/giow/Downloads/Development/20191-team-2/Makefile&quot;  VERBOSE=1 &quot;$file&quot;"/>
					<Clean command="/usr/bin/make -f &quot;/home/giow/Downloads/Development/20191-team-2/Makefile&quot;  VERBOSE=1 clean"/>
					<DistClean command="/usr/bin/make -f &quot;/home/giow/Downloads/Development/20191-team-2/Makefile&quot;  VERBOSE=1 clean"/>
				</MakeCommands>
			</Target>
			<Target title="list_install_components">
				<Option working_dir="/home/giow/Downloads/Development/20191-team-2"/>
				<Option type="4"/>
				<MakeCommands>
					<Build command="/usr/bin/make -f &quot;/home/giow/Downloads/Development/20191-team-2/Makefile&quot;  VERBOSE=1 list_install_components"/>
					<CompileFile command="/usr/bin/make -f &quot;/home/giow/Downloads/Development/20191-team-2/Makefile&quot;  VERBOSE=1 &quot;$file&quot;"/>
					<Clean command="/usr/bin/make -f &quot;/home/giow/Downloads/Development/20191-team-2/Makefile&quot;  VERBOSE=1 clean"/>
					<DistClean command="/usr/bin/make -f &quot;/home/giow/Downloads/Development/20191-team-2/Makefile&quot;  VERBOSE=1 clean"/>
				</MakeCommands>
			</Target>
			<Target title="install/local">
				<Option working_dir="/home/giow/Downloads/Development/20191-team-2"/>
				<Option type="4"/>
				<MakeCommands>
					<Build command="/usr/bin/make -f &quot;/home/giow/Downloads/Development/20191-team-2/Makefile&quot;  VERBOSE=1 install/local"/>
					<CompileFile command="/usr/bin/make -f &quot;/home/giow/Downloads/Development/20191-team-2/Makefile&quot;  VERBOSE=1 &quot;$file&quot;"/>
					<Clean command="/usr/bin/make -f &quot;/home/giow/Downloads/Development/20191-team-2/Makefile&quot;  VERBOSE=1 clean"/>
					<DistClean command="/usr/bin/make -f &quot;/home/giow/Downloads/Development/20191-team-2/Makefile&quot;  VERBOSE=1 clean"/>
				</MakeCommands>
			</Target>
			<Target title="gmock_main">
				<Option output="/home/giow/Downloads/Development/20191-team-2/lib/libgmock_main.a" prefix_auto="0" extension_auto="0"/>
				<Option working_dir="/home/giow/Downloads/Development/20191-team-2/tests/libs/googletest/googlemock"/>
				<Option object_output="./"/>
				<Option type="2"/>
				<Option compiler="gcc"/>
				<Compiler>
					<Add directory="/home/giow/Downloads/Development/20191-team-2/tests/libs/googletest/googlemock/include"/>
					<Add directory="/home/giow/Downloads/Development/20191-team-2/tests/libs/googletest/googlemock"/>
					<Add directory="/home/giow/Downloads/Development/20191-team-2/tests/libs/googletest/googletest/include"/>
					<Add directory="/home/giow/Downloads/Development/20191-team-2/tests/libs/googletest/googletest"/>
				</Compiler>
				<MakeCommands>
					<Build command="/usr/bin/make -f &quot;/home/giow/Downloads/Development/20191-team-2/tests/libs/googletest/googlemock/Makefile&quot;  VERBOSE=1 gmock_main"/>
					<CompileFile command="/usr/bin/make -f &quot;/home/giow/Downloads/Development/20191-team-2/tests/libs/googletest/googlemock/Makefile&quot;  VERBOSE=1 &quot;$file&quot;"/>
					<Clean command="/usr/bin/make -f &quot;/home/giow/Downloads/Development/20191-team-2/tests/libs/googletest/googlemock/Makefile&quot;  VERBOSE=1 clean"/>
					<DistClean command="/usr/bin/make -f &quot;/home/giow/Downloads/Development/20191-team-2/tests/libs/googletest/googlemock/Makefile&quot;  VERBOSE=1 clean"/>
				</MakeCommands>
			</Target>
			<Target title="gmock_main/fast">
				<Option output="/home/giow/Downloads/Development/20191-team-2/lib/libgmock_main.a" prefix_auto="0" extension_auto="0"/>
				<Option working_dir="/home/giow/Downloads/Development/20191-team-2/tests/libs/googletest/googlemock"/>
				<Option object_output="./"/>
				<Option type="2"/>
				<Option compiler="gcc"/>
				<Compiler>
					<Add directory="/home/giow/Downloads/Development/20191-team-2/tests/libs/googletest/googlemock/include"/>
					<Add directory="/home/giow/Downloads/Development/20191-team-2/tests/libs/googletest/googlemock"/>
					<Add directory="/home/giow/Downloads/Development/20191-team-2/tests/libs/googletest/googletest/include"/>
					<Add directory="/home/giow/Downloads/Development/20191-team-2/tests/libs/googletest/googletest"/>
				</Compiler>
				<MakeCommands>
					<Build command="/usr/bin/make -f &quot;/home/giow/Downloads/Development/20191-team-2/tests/libs/googletest/googlemock/Makefile&quot;  VERBOSE=1 gmock_main/fast"/>
					<CompileFile command="/usr/bin/make -f &quot;/home/giow/Downloads/Development/20191-team-2/tests/libs/googletest/googlemock/Makefile&quot;  VERBOSE=1 &quot;$file&quot;"/>
					<Clean command="/usr/bin/make -f &quot;/home/giow/Downloads/Development/20191-team-2/tests/libs/googletest/googlemock/Makefile&quot;  VERBOSE=1 clean"/>
					<DistClean command="/usr/bin/make -f &quot;/home/giow/Downloads/Development/20191-team-2/tests/libs/googletest/googlemock/Makefile&quot;  VERBOSE=1 clean"/>
				</MakeCommands>
			</Target>
			<Target title="gmock">
				<Option output="/home/giow/Downloads/Development/20191-team-2/lib/libgmock.a" prefix_auto="0" extension_auto="0"/>
				<Option working_dir="/home/giow/Downloads/Development/20191-team-2/tests/libs/googletest/googlemock"/>
				<Option object_output="./"/>
				<Option type="2"/>
				<Option compiler="gcc"/>
				<Compiler>
					<Add directory="/home/giow/Downloads/Development/20191-team-2/tests/libs/googletest/googlemock/include"/>
					<Add directory="/home/giow/Downloads/Development/20191-team-2/tests/libs/googletest/googlemock"/>
					<Add directory="/home/giow/Downloads/Development/20191-team-2/tests/libs/googletest/googletest/include"/>
					<Add directory="/home/giow/Downloads/Development/20191-team-2/tests/libs/googletest/googletest"/>
				</Compiler>
				<MakeCommands>
					<Build command="/usr/bin/make -f &quot;/home/giow/Downloads/Development/20191-team-2/tests/libs/googletest/googlemock/Makefile&quot;  VERBOSE=1 gmock"/>
					<CompileFile command="/usr/bin/make -f &quot;/home/giow/Downloads/Development/20191-team-2/tests/libs/googletest/googlemock/Makefile&quot;  VERBOSE=1 &quot;$file&quot;"/>
					<Clean command="/usr/bin/make -f &quot;/home/giow/Downloads/Development/20191-team-2/tests/libs/googletest/googlemock/Makefile&quot;  VERBOSE=1 clean"/>
					<DistClean command="/usr/bin/make -f &quot;/home/giow/Downloads/Development/20191-team-2/tests/libs/googletest/googlemock/Makefile&quot;  VERBOSE=1 clean"/>
				</MakeCommands>
			</Target>
			<Target title="gmock/fast">
				<Option output="/home/giow/Downloads/Development/20191-team-2/lib/libgmock.a" prefix_auto="0" extension_auto="0"/>
				<Option working_dir="/home/giow/Downloads/Development/20191-team-2/tests/libs/googletest/googlemock"/>
				<Option object_output="./"/>
				<Option type="2"/>
				<Option compiler="gcc"/>
				<Compiler>
					<Add directory="/home/giow/Downloads/Development/20191-team-2/tests/libs/googletest/googlemock/include"/>
					<Add directory="/home/giow/Downloads/Development/20191-team-2/tests/libs/googletest/googlemock"/>
					<Add directory="/home/giow/Downloads/Development/20191-team-2/tests/libs/googletest/googletest/include"/>
					<Add directory="/home/giow/Downloads/Development/20191-team-2/tests/libs/googletest/googletest"/>
				</Compiler>
				<MakeCommands>
					<Build command="/usr/bin/make -f &quot;/home/giow/Downloads/Development/20191-team-2/tests/libs/googletest/googlemock/Makefile&quot;  VERBOSE=1 gmock/fast"/>
					<CompileFile command="/usr/bin/make -f &quot;/home/giow/Downloads/Development/20191-team-2/tests/libs/googletest/googlemock/Makefile&quot;  VERBOSE=1 &quot;$file&quot;"/>
					<Clean command="/usr/bin/make -f &quot;/home/giow/Downloads/Development/20191-team-2/tests/libs/googletest/googlemock/Makefile&quot;  VERBOSE=1 clean"/>
					<DistClean command="/usr/bin/make -f &quot;/home/giow/Downloads/Development/20191-team-2/tests/libs/googletest/googlemock/Makefile&quot;  VERBOSE=1 clean"/>
				</MakeCommands>
			</Target>
			<Target title="gtest_main">
				<Option output="/home/giow/Downloads/Development/20191-team-2/lib/libgtest_main.a" prefix_auto="0" extension_auto="0"/>
				<Option working_dir="/home/giow/Downloads/Development/20191-team-2/tests/libs/googletest/googletest"/>
				<Option object_output="./"/>
				<Option type="2"/>
				<Option compiler="gcc"/>
				<Compiler>
					<Add directory="/home/giow/Downloads/Development/20191-team-2/tests/libs/googletest/googletest/include"/>
					<Add directory="/home/giow/Downloads/Development/20191-team-2/tests/libs/googletest/googletest"/>
				</Compiler>
				<MakeCommands>
					<Build command="/usr/bin/make -f &quot;/home/giow/Downloads/Development/20191-team-2/tests/libs/googletest/googletest/Makefile&quot;  VERBOSE=1 gtest_main"/>
					<CompileFile command="/usr/bin/make -f &quot;/home/giow/Downloads/Development/20191-team-2/tests/libs/googletest/googletest/Makefile&quot;  VERBOSE=1 &quot;$file&quot;"/>
					<Clean command="/usr/bin/make -f &quot;/home/giow/Downloads/Development/20191-team-2/tests/libs/googletest/googletest/Makefile&quot;  VERBOSE=1 clean"/>
					<DistClean command="/usr/bin/make -f &quot;/home/giow/Downloads/Development/20191-team-2/tests/libs/googletest/googletest/Makefile&quot;  VERBOSE=1 clean"/>
				</MakeCommands>
			</Target>
			<Target title="gtest_main/fast">
				<Option output="/home/giow/Downloads/Development/20191-team-2/lib/libgtest_main.a" prefix_auto="0" extension_auto="0"/>
				<Option working_dir="/home/giow/Downloads/Development/20191-team-2/tests/libs/googletest/googletest"/>
				<Option object_output="./"/>
				<Option type="2"/>
				<Option compiler="gcc"/>
				<Compiler>
					<Add directory="/home/giow/Downloads/Development/20191-team-2/tests/libs/googletest/googletest/include"/>
					<Add directory="/home/giow/Downloads/Development/20191-team-2/tests/libs/googletest/googletest"/>
				</Compiler>
				<MakeCommands>
					<Build command="/usr/bin/make -f &quot;/home/giow/Downloads/Development/20191-team-2/tests/libs/googletest/googletest/Makefile&quot;  VERBOSE=1 gtest_main/fast"/>
					<CompileFile command="/usr/bin/make -f &quot;/home/giow/Downloads/Development/20191-team-2/tests/libs/googletest/googletest/Makefile&quot;  VERBOSE=1 &quot;$file&quot;"/>
					<Clean command="/usr/bin/make -f &quot;/home/giow/Downloads/Development/20191-team-2/tests/libs/googletest/googletest/Makefile&quot;  VERBOSE=1 clean"/>
					<DistClean command="/usr/bin/make -f &quot;/home/giow/Downloads/Development/20191-team-2/tests/libs/googletest/googletest/Makefile&quot;  VERBOSE=1 clean"/>
				</MakeCommands>
			</Target>
			<Target title="gtest">
				<Option output="/home/giow/Downloads/Development/20191-team-2/lib/libgtest.a" prefix_auto="0" extension_auto="0"/>
				<Option working_dir="/home/giow/Downloads/Development/20191-team-2/tests/libs/googletest/googletest"/>
				<Option object_output="./"/>
				<Option type="2"/>
				<Option compiler="gcc"/>
				<Compiler>
					<Add directory="/home/giow/Downloads/Development/20191-team-2/tests/libs/googletest/googletest/include"/>
					<Add directory="/home/giow/Downloads/Development/20191-team-2/tests/libs/googletest/googletest"/>
				</Compiler>
				<MakeCommands>
					<Build command="/usr/bin/make -f &quot;/home/giow/Downloads/Development/20191-team-2/tests/libs/googletest/googletest/Makefile&quot;  VERBOSE=1 gtest"/>
					<CompileFile command="/usr/bin/make -f &quot;/home/giow/Downloads/Development/20191-team-2/tests/libs/googletest/googletest/Makefile&quot;  VERBOSE=1 &quot;$file&quot;"/>
					<Clean command="/usr/bin/make -f &quot;/home/giow/Downloads/Development/20191-team-2/tests/libs/googletest/googletest/Makefile&quot;  VERBOSE=1 clean"/>
					<DistClean command="/usr/bin/make -f &quot;/home/giow/Downloads/Development/20191-team-2/tests/libs/googletest/googletest/Makefile&quot;  VERBOSE=1 clean"/>
				</MakeCommands>
			</Target>
			<Target title="gtest/fast">
				<Option output="/home/giow/Downloads/Development/20191-team-2/lib/libgtest.a" prefix_auto="0" extension_auto="0"/>
				<Option working_dir="/home/giow/Downloads/Development/20191-team-2/tests/libs/googletest/googletest"/>
				<Option object_output="./"/>
				<Option type="2"/>
				<Option compiler="gcc"/>
				<Compiler>
					<Add directory="/home/giow/Downloads/Development/20191-team-2/tests/libs/googletest/googletest/include"/>
					<Add directory="/home/giow/Downloads/Development/20191-team-2/tests/libs/googletest/googletest"/>
				</Compiler>
				<MakeCommands>
					<Build command="/usr/bin/make -f &quot;/home/giow/Downloads/Development/20191-team-2/tests/libs/googletest/googletest/Makefile&quot;  VERBOSE=1 gtest/fast"/>
					<CompileFile command="/usr/bin/make -f &quot;/home/giow/Downloads/Development/20191-team-2/tests/libs/googletest/googletest/Makefile&quot;  VERBOSE=1 &quot;$file&quot;"/>
					<Clean command="/usr/bin/make -f &quot;/home/giow/Downloads/Development/20191-team-2/tests/libs/googletest/googletest/Makefile&quot;  VERBOSE=1 clean"/>
					<DistClean command="/usr/bin/make -f &quot;/home/giow/Downloads/Development/20191-team-2/tests/libs/googletest/googletest/Makefile&quot;  VERBOSE=1 clean"/>
				</MakeCommands>
			</Target>
		</Build>
		<Unit filename="/home/giow/Downloads/Development/20191-team-2/src/Block.cpp">
			<Option target="BombermanC++"/>
		</Unit>
		<Unit filename="/home/giow/Downloads/Development/20191-team-2/src/Block.h">
			<Option target="BombermanC++"/>
		</Unit>
		<Unit filename="/home/giow/Downloads/Development/20191-team-2/src/Bomber.cpp">
			<Option target="BombermanC++"/>
		</Unit>
		<Unit filename="/home/giow/Downloads/Development/20191-team-2/src/Bomber.h">
			<Option target="BombermanC++"/>
		</Unit>
		<Unit filename="/home/giow/Downloads/Development/20191-team-2/src/Game.cpp">
			<Option target="BombermanC++"/>
		</Unit>
		<Unit filename="/home/giow/Downloads/Development/20191-team-2/src/Game.hpp">
			<Option target="BombermanC++"/>
		</Unit>
		<Unit filename="/home/giow/Downloads/Development/20191-team-2/src/GameBoard.cpp">
			<Option target="BombermanC++"/>
		</Unit>
		<Unit filename="/home/giow/Downloads/Development/20191-team-2/src/GameBoard.hpp">
			<Option target="BombermanC++"/>
		</Unit>
		<Unit filename="/home/giow/Downloads/Development/20191-team-2/src/GameController.h">
			<Option target="BombermanC++"/>
		</Unit>
		<Unit filename="/home/giow/Downloads/Development/20191-team-2/src/GameLogic.cpp">
			<Option target="BombermanC++"/>
		</Unit>
		<Unit filename="/home/giow/Downloads/Development/20191-team-2/src/GameObjectSDL.cpp">
			<Option target="BombermanC++"/>
		</Unit>
		<Unit filename="/home/giow/Downloads/Development/20191-team-2/src/GameObjectSDL.h">
			<Option target="BombermanC++"/>
		</Unit>
		<Unit filename="/home/giow/Downloads/Development/20191-team-2/src/Matrix.cpp">
			<Option target="BombermanC++"/>
		</Unit>
		<Unit filename="/home/giow/Downloads/Development/20191-team-2/src/Matrix.hpp">
			<Option target="BombermanC++"/>
		</Unit>
		<Unit filename="/home/giow/Downloads/Development/20191-team-2/src/ObjTypes.h">
			<Option target="BombermanC++"/>
		</Unit>
		<Unit filename="/home/giow/Downloads/Development/20191-team-2/src/PlayerObjLogic.cpp">
			<Option target="BombermanC++"/>
		</Unit>
		<Unit filename="/home/giow/Downloads/Development/20191-team-2/src/Position.hpp">
			<Option target="BombermanC++"/>
		</Unit>
		<Unit filename="/home/giow/Downloads/Development/20191-team-2/src/TextureManager.cpp">
			<Option target="BombermanC++"/>
		</Unit>
		<Unit filename="/home/giow/Downloads/Development/20191-team-2/src/TextureManager.hpp">
			<Option target="BombermanC++"/>
		</Unit>
		<Unit filename="/home/giow/Downloads/Development/20191-team-2/src/main.cpp">
			<Option target="BombermanC++"/>
		</Unit>
		<Unit filename="/home/giow/Downloads/Development/20191-team-2/tests/BomberTests.cpp">
			<Option target="BombermanC++"/>
		</Unit>
		<Unit filename="/home/giow/Downloads/Development/20191-team-2/tests/MatrixTests.cpp">
			<Option target="BombermanC++"/>
		</Unit>
		<Unit filename="/home/giow/Downloads/Development/20191-team-2/tests/PositionTests.cpp">
			<Option target="BombermanC++"/>
		</Unit>
		<Unit filename="/home/giow/Downloads/Development/20191-team-2/tests/TextureManagerTests.cpp">
			<Option target="BombermanC++"/>
		</Unit>
		<Unit filename="/home/giow/Downloads/Development/20191-team-2/tests/libs/googletest/googlemock/src/gmock-all.cc">
			<Option target="gmock"/>
		</Unit>
		<Unit filename="/home/giow/Downloads/Development/20191-team-2/tests/libs/googletest/googlemock/src/gmock_main.cc">
			<Option target="gmock_main"/>
		</Unit>
		<Unit filename="/home/giow/Downloads/Development/20191-team-2/tests/libs/googletest/googletest/src/gtest-all.cc">
			<Option target="gtest"/>
		</Unit>
		<Unit filename="/home/giow/Downloads/Development/20191-team-2/tests/libs/googletest/googletest/src/gtest_main.cc">
			<Option target="gtest_main"/>
		</Unit>
		<Unit filename="/home/giow/Downloads/Development/20191-team-2/tests/test_class.h">
			<Option target="BombermanC++"/>
		</Unit>
		<Unit filename="/home/giow/Downloads/Development/20191-team-2/tests/tests.cpp">
			<Option target="BombermanC++"/>
		</Unit>
		<Unit filename="/home/giow/Downloads/Development/20191-team-2/CMakeLists.txt">
			<Option virtualFolder="CMake Files\"/>
		</Unit>
		<Unit filename="/home/giow/Downloads/Development/20191-team-2/cmake/sdl2/FindSDL2.cmake">
			<Option virtualFolder="CMake Files\cmake\sdl2\"/>
		</Unit>
		<Unit filename="/home/giow/Downloads/Development/20191-team-2/cmake/sdl2/FindSDL2_image.cmake">
			<Option virtualFolder="CMake Files\cmake\sdl2\"/>
		</Unit>
		<Unit filename="/home/giow/Downloads/Development/20191-team-2/tests/libs/googletest/CMakeLists.txt">
			<Option virtualFolder="CMake Files\tests\libs\googletest\"/>
		</Unit>
		<Unit filename="/home/giow/Downloads/Development/20191-team-2/tests/libs/googletest/googlemock/CMakeLists.txt">
			<Option virtualFolder="CMake Files\tests\libs\googletest\googlemock\"/>
		</Unit>
		<Unit filename="/home/giow/Downloads/Development/20191-team-2/tests/libs/googletest/googlemock/cmake/gmock.pc.in">
			<Option virtualFolder="CMake Files\tests\libs\googletest\googlemock\cmake\"/>
		</Unit>
		<Unit filename="/home/giow/Downloads/Development/20191-team-2/tests/libs/googletest/googlemock/cmake/gmock_main.pc.in">
			<Option virtualFolder="CMake Files\tests\libs\googletest\googlemock\cmake\"/>
		</Unit>
		<Unit filename="/home/giow/Downloads/Development/20191-team-2/tests/libs/googletest/googletest/CMakeLists.txt">
			<Option virtualFolder="CMake Files\tests\libs\googletest\googletest\"/>
		</Unit>
		<Unit filename="/home/giow/Downloads/Development/20191-team-2/tests/libs/googletest/googletest/cmake/Config.cmake.in">
			<Option virtualFolder="CMake Files\tests\libs\googletest\googletest\cmake\"/>
		</Unit>
		<Unit filename="/home/giow/Downloads/Development/20191-team-2/tests/libs/googletest/googletest/cmake/gtest.pc.in">
			<Option virtualFolder="CMake Files\tests\libs\googletest\googletest\cmake\"/>
		</Unit>
		<Unit filename="/home/giow/Downloads/Development/20191-team-2/tests/libs/googletest/googletest/cmake/gtest_main.pc.in">
			<Option virtualFolder="CMake Files\tests\libs\googletest\googletest\cmake\"/>
		</Unit>
		<Unit filename="/home/giow/Downloads/Development/20191-team-2/tests/libs/googletest/googletest/cmake/internal_utils.cmake">
			<Option virtualFolder="CMake Files\tests\libs\googletest\googletest\cmake\"/>
		</Unit>
	</Project>
</CodeBlocks_project_file>
